
Microsoft Visual Studio Solution File, Format Version 12.00
# Visual Studio Version 17
VisualStudioVersion = 17.11.35208.52
MinimumVisualStudioVersion = 10.0.40219.1
Project("{FAE04EC0-301F-11D3-BF4B-00C04F79EFBC}") = "Practice2", "Practice2\Practice2.csproj", "{ED38A454-4F05-4AD4-8F8F-168A307CE926}"
EndProject
Global
	GlobalSection(SolutionConfigurationPlatforms) = preSolution
		Debug|Any CPU = Debug|Any CPU
		Release|Any CPU = Release|Any CPU
	EndGlobalSection
	GlobalSection(ProjectConfigurationPlatforms) = postSolution
		{ED38A454-4F05-4AD4-8F8F-168A307CE926}.Debug|Any CPU.ActiveCfg = Debug|Any CPU
		{ED38A454-4F05-4AD4-8F8F-168A307CE926}.Debug|Any CPU.Build.0 = Debug|Any CPU
		{ED38A454-4F05-4AD4-8F8F-168A307CE926}.Release|Any CPU.ActiveCfg = Release|Any CPU
		{ED38A454-4F05-4AD4-8F8F-168A307CE926}.Release|Any CPU.Build.0 = Release|Any CPU
	EndGlobalSection
	GlobalSection(SolutionProperties) = preSolution
		HideSolutionNode = FALSE
	EndGlobalSection
	GlobalSection(ExtensibilityGlobals) = postSolution
		SolutionGuid = {0E9B8A81-7176-4CEF-8A6F-805729EA88CC}
	EndGlobalSection
EndGlobal
